
Microsoft Visual Studio Solution File, Format Version 12.00
# Visual Studio Version 16
VisualStudioVersion = 16.0.29418.71
MinimumVisualStudioVersion = 10.0.40219.1
Project("{FAE04EC0-301F-11D3-BF4B-00C04F79EFBC}") = "FlowControl", "FlowControl\FlowControl.csproj", "{448A7DCB-CF46-4F30-B14F-02F36DAC5FDF}"
EndProject
Global
	GlobalSection(SolutionConfigurationPlatforms) = preSolution
		Debug|Any CPU = Debug|Any CPU
		Release|Any CPU = Release|Any CPU
	EndGlobalSection
	GlobalSection(ProjectConfigurationPlatforms) = postSolution
		{448A7DCB-CF46-4F30-B14F-02F36DAC5FDF}.Debug|Any CPU.ActiveCfg = Debug|Any CPU
		{448A7DCB-CF46-4F30-B14F-02F36DAC5FDF}.Debug|Any CPU.Build.0 = Debug|Any CPU
		{448A7DCB-CF46-4F30-B14F-02F36DAC5FDF}.Release|Any CPU.ActiveCfg = Release|Any CPU
		{448A7DCB-CF46-4F30-B14F-02F36DAC5FDF}.Release|Any CPU.Build.0 = Release|Any CPU
	EndGlobalSection
	GlobalSection(SolutionProperties) = preSolution
		HideSolutionNode = FALSE
	EndGlobalSection
	GlobalSection(ExtensibilityGlobals) = postSolution
		SolutionGuid = {3AB4FEA1-76FB-4981-B2E0-9C9A8F382162}
	EndGlobalSection
EndGlobal
